
Microsoft Visual Studio Solution File, Format Version 12.00
# Visual Studio 14
VisualStudioVersion = 14.0.25420.1
MinimumVisualStudioVersion = 10.0.40219.1
Project("{FAE04EC0-301F-11D3-BF4B-00C04F79EFBC}") = "ServiciosCognitivos.Droid", "ServiciosCognitivos\ServiciosCognitivos.Droid\ServiciosCognitivos.Droid.csproj", "{9E87C19B-8764-4D53-92DA-ECF7F0A3FBFD}"
EndProject
Project("{FAE04EC0-301F-11D3-BF4B-00C04F79EFBC}") = "ServiciosCognitivos.iOS", "ServiciosCognitivos\ServiciosCognitivos.iOS\ServiciosCognitivos.iOS.csproj", "{49DA0BCE-F1F4-4D69-BBF1-3E322B20E40A}"
EndProject
Project("{FAE04EC0-301F-11D3-BF4B-00C04F79EFBC}") = "ServiciosCognitivos.WinPhone", "ServiciosCognitivos\ServiciosCognitivos.WinPhone\ServiciosCognitivos.WinPhone.csproj", "{515C0173-726C-4CA5-9C5E-00E4FFA4CE21}"
EndProject
Project("{FAE04EC0-301F-11D3-BF4B-00C04F79EFBC}") = "ServiciosCognitivos.UWP", "ServiciosCognitivos\ServiciosCognitivos.UWP\ServiciosCognitivos.UWP.csproj", "{DBF49F6F-A017-4496-8850-96B2A259FB78}"
EndProject
Project("{FAE04EC0-301F-11D3-BF4B-00C04F79EFBC}") = "ServiciosCognitivos.Windows", "ServiciosCognitivos\ServiciosCognitivos.Windows\ServiciosCognitivos.Windows.csproj", "{81796F20-B004-460D-B432-F59B9D67F8EC}"
EndProject
Project("{D954291E-2A0B-460D-934E-DC6B0785DB48}") = "ServiciosCognitivos", "ServiciosCognitivos\ServiciosCognitivos\ServiciosCognitivos.shproj", "{BF415CC2-D419-4BF1-8B3A-C6452DA7CB49}"
EndProject
Global
	GlobalSection(SharedMSBuildProjectFiles) = preSolution
		ServiciosCognitivos\ServiciosCognitivos\ServiciosCognitivos.projitems*{bf415cc2-d419-4bf1-8b3a-c6452da7cb49}*SharedItemsImports = 13
		ServiciosCognitivos\ServiciosCognitivos\ServiciosCognitivos.projitems*{dbf49f6f-a017-4496-8850-96b2a259fb78}*SharedItemsImports = 4
	EndGlobalSection
	GlobalSection(SolutionConfigurationPlatforms) = preSolution
		Ad-Hoc|Any CPU = Ad-Hoc|Any CPU
		Ad-Hoc|ARM = Ad-Hoc|ARM
		Ad-Hoc|iPhone = Ad-Hoc|iPhone
		Ad-Hoc|iPhoneSimulator = Ad-Hoc|iPhoneSimulator
		Ad-Hoc|x64 = Ad-Hoc|x64
		Ad-Hoc|x86 = Ad-Hoc|x86
		AppStore|Any CPU = AppStore|Any CPU
		AppStore|ARM = AppStore|ARM
		AppStore|iPhone = AppStore|iPhone
		AppStore|iPhoneSimulator = AppStore|iPhoneSimulator
		AppStore|x64 = AppStore|x64
		AppStore|x86 = AppStore|x86
		Debug|Any CPU = Debug|Any CPU
		Debug|ARM = Debug|ARM
		Debug|iPhone = Debug|iPhone
		Debug|iPhoneSimulator = Debug|iPhoneSimulator
		Debug|x64 = Debug|x64
		Debug|x86 = Debug|x86
		Release|Any CPU = Release|Any CPU
		Release|ARM = Release|ARM
		Release|iPhone = Release|iPhone
		Release|iPhoneSimulator = Release|iPhoneSimulator
		Release|x64 = Release|x64
		Release|x86 = Release|x86
	EndGlobalSection
	GlobalSection(ProjectConfigurationPlatforms) = postSolution
		{9E87C19B-8764-4D53-92DA-ECF7F0A3FBFD}.Ad-Hoc|Any CPU.ActiveCfg = Release|Any CPU
		{9E87C19B-8764-4D53-92DA-ECF7F0A3FBFD}.Ad-Hoc|Any CPU.Build.0 = Release|Any CPU
		{9E87C19B-8764-4D53-92DA-ECF7F0A3FBFD}.Ad-Hoc|Any CPU.Deploy.0 = Release|Any CPU
		{9E87C19B-8764-4D53-92DA-ECF7F0A3FBFD}.Ad-Hoc|ARM.ActiveCfg = Release|Any CPU
		{9E87C19B-8764-4D53-92DA-ECF7F0A3FBFD}.Ad-Hoc|ARM.Build.0 = Release|Any CPU
		{9E87C19B-8764-4D53-92DA-ECF7F0A3FBFD}.Ad-Hoc|ARM.Deploy.0 = Release|Any CPU
		{9E87C19B-8764-4D53-92DA-ECF7F0A3FBFD}.Ad-Hoc|iPhone.ActiveCfg = Release|Any CPU
		{9E87C19B-8764-4D53-92DA-ECF7F0A3FBFD}.Ad-Hoc|iPhone.Build.0 = Release|Any CPU
		{9E87C19B-8764-4D53-92DA-ECF7F0A3FBFD}.Ad-Hoc|iPhone.Deploy.0 = Release|Any CPU
		{9E87C19B-8764-4D53-92DA-ECF7F0A3FBFD}.Ad-Hoc|iPhoneSimulator.ActiveCfg = Release|Any CPU
		{9E87C19B-8764-4D53-92DA-ECF7F0A3FBFD}.Ad-Hoc|iPhoneSimulator.Build.0 = Release|Any CPU
		{9E87C19B-8764-4D53-92DA-ECF7F0A3FBFD}.Ad-Hoc|iPhoneSimulator.Deploy.0 = Release|Any CPU
		{9E87C19B-8764-4D53-92DA-ECF7F0A3FBFD}.Ad-Hoc|x64.ActiveCfg = Release|Any CPU
		{9E87C19B-8764-4D53-92DA-ECF7F0A3FBFD}.Ad-Hoc|x64.Build.0 = Release|Any CPU
		{9E87C19B-8764-4D53-92DA-ECF7F0A3FBFD}.Ad-Hoc|x64.Deploy.0 = Release|Any CPU
		{9E87C19B-8764-4D53-92DA-ECF7F0A3FBFD}.Ad-Hoc|x86.ActiveCfg = Release|Any CPU
		{9E87C19B-8764-4D53-92DA-ECF7F0A3FBFD}.Ad-Hoc|x86.Build.0 = Release|Any CPU
		{9E87C19B-8764-4D53-92DA-ECF7F0A3FBFD}.Ad-Hoc|x86.Deploy.0 = Release|Any CPU
		{9E87C19B-8764-4D53-92DA-ECF7F0A3FBFD}.AppStore|Any CPU.ActiveCfg = Release|Any CPU
		{9E87C19B-8764-4D53-92DA-ECF7F0A3FBFD}.AppStore|Any CPU.Build.0 = Release|Any CPU
		{9E87C19B-8764-4D53-92DA-ECF7F0A3FBFD}.AppStore|Any CPU.Deploy.0 = Release|Any CPU
		{9E87C19B-8764-4D53-92DA-ECF7F0A3FBFD}.AppStore|ARM.ActiveCfg = Release|Any CPU
		{9E87C19B-8764-4D53-92DA-ECF7F0A3FBFD}.AppStore|ARM.Build.0 = Release|Any CPU
		{9E87C19B-8764-4D53-92DA-ECF7F0A3FBFD}.AppStore|ARM.Deploy.0 = Release|Any CPU
		{9E87C19B-8764-4D53-92DA-ECF7F0A3FBFD}.AppStore|iPhone.ActiveCfg = Release|Any CPU
		{9E87C19B-8764-4D53-92DA-ECF7F0A3FBFD}.AppStore|iPhone.Build.0 = Release|Any CPU
		{9E87C19B-8764-4D53-92DA-ECF7F0A3FBFD}.AppStore|iPhone.Deploy.0 = Release|Any CPU
		{9E87C19B-8764-4D53-92DA-ECF7F0A3FBFD}.AppStore|iPhoneSimulator.ActiveCfg = Release|Any CPU
		{9E87C19B-8764-4D53-92DA-ECF7F0A3FBFD}.AppStore|iPhoneSimulator.Build.0 = Release|Any CPU
		{9E87C19B-8764-4D53-92DA-ECF7F0A3FBFD}.AppStore|iPhoneSimulator.Deploy.0 = Release|Any CPU
		{9E87C19B-8764-4D53-92DA-ECF7F0A3FBFD}.AppStore|x64.ActiveCfg = Release|Any CPU
		{9E87C19B-8764-4D53-92DA-ECF7F0A3FBFD}.AppStore|x64.Build.0 = Release|Any CPU
		{9E87C19B-8764-4D53-92DA-ECF7F0A3FBFD}.AppStore|x64.Deploy.0 = Release|Any CPU
		{9E87C19B-8764-4D53-92DA-ECF7F0A3FBFD}.AppStore|x86.ActiveCfg = Release|Any CPU
		{9E87C19B-8764-4D53-92DA-ECF7F0A3FBFD}.AppStore|x86.Build.0 = Release|Any CPU
		{9E87C19B-8764-4D53-92DA-ECF7F0A3FBFD}.AppStore|x86.Deploy.0 = Release|Any CPU
		{9E87C19B-8764-4D53-92DA-ECF7F0A3FBFD}.Debug|Any CPU.ActiveCfg = Debug|Any CPU
		{9E87C19B-8764-4D53-92DA-ECF7F0A3FBFD}.Debug|Any CPU.Build.0 = Debug|Any CPU
		{9E87C19B-8764-4D53-92DA-ECF7F0A3FBFD}.Debug|Any CPU.Deploy.0 = Debug|Any CPU
		{9E87C19B-8764-4D53-92DA-ECF7F0A3FBFD}.Debug|ARM.ActiveCfg = Debug|Any CPU
		{9E87C19B-8764-4D53-92DA-ECF7F0A3FBFD}.Debug|ARM.Build.0 = Debug|Any CPU
		{9E87C19B-8764-4D53-92DA-ECF7F0A3FBFD}.Debug|ARM.Deploy.0 = Debug|Any CPU
		{9E87C19B-8764-4D53-92DA-ECF7F0A3FBFD}.Debug|iPhone.ActiveCfg = Debug|Any CPU
		{9E87C19B-8764-4D53-92DA-ECF7F0A3FBFD}.Debug|iPhone.Build.0 = Debug|Any CPU
		{9E87C19B-8764-4D53-92DA-ECF7F0A3FBFD}.Debug|iPhone.Deploy.0 = Debug|Any CPU
		{9E87C19B-8764-4D53-92DA-ECF7F0A3FBFD}.Debug|iPhoneSimulator.ActiveCfg = Debug|Any CPU
		{9E87C19B-8764-4D53-92DA-ECF7F0A3FBFD}.Debug|iPhoneSimulator.Build.0 = Debug|Any CPU
		{9E87C19B-8764-4D53-92DA-ECF7F0A3FBFD}.Debug|iPhoneSimulator.Deploy.0 = Debug|Any CPU
		{9E87C19B-8764-4D53-92DA-ECF7F0A3FBFD}.Debug|x64.ActiveCfg = Debug|Any CPU
		{9E87C19B-8764-4D53-92DA-ECF7F0A3FBFD}.Debug|x64.Build.0 = Debug|Any CPU
		{9E87C19B-8764-4D53-92DA-ECF7F0A3FBFD}.Debug|x64.Deploy.0 = Debug|Any CPU
		{9E87C19B-8764-4D53-92DA-ECF7F0A3FBFD}.Debug|x86.ActiveCfg = Debug|Any CPU
		{9E87C19B-8764-4D53-92DA-ECF7F0A3FBFD}.Debug|x86.Build.0 = Debug|Any CPU
		{9E87C19B-8764-4D53-92DA-ECF7F0A3FBFD}.Debug|x86.Deploy.0 = Debug|Any CPU
		{9E87C19B-8764-4D53-92DA-ECF7F0A3FBFD}.Release|Any CPU.ActiveCfg = Release|Any CPU
		{9E87C19B-8764-4D53-92DA-ECF7F0A3FBFD}.Release|Any CPU.Build.0 = Release|Any CPU
		{9E87C19B-8764-4D53-92DA-ECF7F0A3FBFD}.Release|Any CPU.Deploy.0 = Release|Any CPU
		{9E87C19B-8764-4D53-92DA-ECF7F0A3FBFD}.Release|ARM.ActiveCfg = Release|Any CPU
		{9E87C19B-8764-4D53-92DA-ECF7F0A3FBFD}.Release|ARM.Build.0 = Release|Any CPU
		{9E87C19B-8764-4D53-92DA-ECF7F0A3FBFD}.Release|ARM.Deploy.0 = Release|Any CPU
		{9E87C19B-8764-4D53-92DA-ECF7F0A3FBFD}.Release|iPhone.ActiveCfg = Release|Any CPU
		{9E87C19B-8764-4D53-92DA-ECF7F0A3FBFD}.Release|iPhone.Build.0 = Release|Any CPU
		{9E87C19B-8764-4D53-92DA-ECF7F0A3FBFD}.Release|iPhone.Deploy.0 = Release|Any CPU
		{9E87C19B-8764-4D53-92DA-ECF7F0A3FBFD}.Release|iPhoneSimulator.ActiveCfg = Release|Any CPU
		{9E87C19B-8764-4D53-92DA-ECF7F0A3FBFD}.Release|iPhoneSimulator.Build.0 = Release|Any CPU
		{9E87C19B-8764-4D53-92DA-ECF7F0A3FBFD}.Release|iPhoneSimulator.Deploy.0 = Release|Any CPU
		{9E87C19B-8764-4D53-92DA-ECF7F0A3FBFD}.Release|x64.ActiveCfg = Release|Any CPU
		{9E87C19B-8764-4D53-92DA-ECF7F0A3FBFD}.Release|x64.Build.0 = Release|Any CPU
		{9E87C19B-8764-4D53-92DA-ECF7F0A3FBFD}.Release|x64.Deploy.0 = Release|Any CPU
		{9E87C19B-8764-4D53-92DA-ECF7F0A3FBFD}.Release|x86.ActiveCfg = Release|Any CPU
		{9E87C19B-8764-4D53-92DA-ECF7F0A3FBFD}.Release|x86.Build.0 = Release|Any CPU
		{9E87C19B-8764-4D53-92DA-ECF7F0A3FBFD}.Release|x86.Deploy.0 = Release|Any CPU
		{49DA0BCE-F1F4-4D69-BBF1-3E322B20E40A}.Ad-Hoc|Any CPU.ActiveCfg = Ad-Hoc|iPhone
		{49DA0BCE-F1F4-4D69-BBF1-3E322B20E40A}.Ad-Hoc|ARM.ActiveCfg = Ad-Hoc|iPhone
		{49DA0BCE-F1F4-4D69-BBF1-3E322B20E40A}.Ad-Hoc|iPhone.ActiveCfg = Ad-Hoc|iPhone
		{49DA0BCE-F1F4-4D69-BBF1-3E322B20E40A}.Ad-Hoc|iPhone.Build.0 = Ad-Hoc|iPhone
		{49DA0BCE-F1F4-4D69-BBF1-3E322B20E40A}.Ad-Hoc|iPhoneSimulator.ActiveCfg = Ad-Hoc|iPhoneSimulator
		{49DA0BCE-F1F4-4D69-BBF1-3E322B20E40A}.Ad-Hoc|iPhoneSimulator.Build.0 = Ad-Hoc|iPhoneSimulator
		{49DA0BCE-F1F4-4D69-BBF1-3E322B20E40A}.Ad-Hoc|x64.ActiveCfg = Ad-Hoc|iPhone
		{49DA0BCE-F1F4-4D69-BBF1-3E322B20E40A}.Ad-Hoc|x86.ActiveCfg = Ad-Hoc|iPhone
		{49DA0BCE-F1F4-4D69-BBF1-3E322B20E40A}.AppStore|Any CPU.ActiveCfg = AppStore|iPhone
		{49DA0BCE-F1F4-4D69-BBF1-3E322B20E40A}.AppStore|ARM.ActiveCfg = AppStore|iPhone
		{49DA0BCE-F1F4-4D69-BBF1-3E322B20E40A}.AppStore|iPhone.ActiveCfg = AppStore|iPhone
		{49DA0BCE-F1F4-4D69-BBF1-3E322B20E40A}.AppStore|iPhone.Build.0 = AppStore|iPhone
		{49DA0BCE-F1F4-4D69-BBF1-3E322B20E40A}.AppStore|iPhoneSimulator.ActiveCfg = AppStore|iPhoneSimulator
		{49DA0BCE-F1F4-4D69-BBF1-3E322B20E40A}.AppStore|iPhoneSimulator.Build.0 = AppStore|iPhoneSimulator
		{49DA0BCE-F1F4-4D69-BBF1-3E322B20E40A}.AppStore|x64.ActiveCfg = AppStore|iPhone
		{49DA0BCE-F1F4-4D69-BBF1-3E322B20E40A}.AppStore|x86.ActiveCfg = AppStore|iPhone
		{49DA0BCE-F1F4-4D69-BBF1-3E322B20E40A}.Debug|Any CPU.ActiveCfg = Debug|iPhone
		{49DA0BCE-F1F4-4D69-BBF1-3E322B20E40A}.Debug|ARM.ActiveCfg = Debug|iPhone
		{49DA0BCE-F1F4-4D69-BBF1-3E322B20E40A}.Debug|iPhone.ActiveCfg = Debug|iPhone
		{49DA0BCE-F1F4-4D69-BBF1-3E322B20E40A}.Debug|iPhone.Build.0 = Debug|iPhone
		{49DA0BCE-F1F4-4D69-BBF1-3E322B20E40A}.Debug|iPhoneSimulator.ActiveCfg = Debug|iPhoneSimulator
		{49DA0BCE-F1F4-4D69-BBF1-3E322B20E40A}.Debug|iPhoneSimulator.Build.0 = Debug|iPhoneSimulator
		{49DA0BCE-F1F4-4D69-BBF1-3E322B20E40A}.Debug|x64.ActiveCfg = Debug|iPhone
		{49DA0BCE-F1F4-4D69-BBF1-3E322B20E40A}.Debug|x86.ActiveCfg = Debug|iPhone
		{49DA0BCE-F1F4-4D69-BBF1-3E322B20E40A}.Release|Any CPU.ActiveCfg = Release|iPhone
		{49DA0BCE-F1F4-4D69-BBF1-3E322B20E40A}.Release|ARM.ActiveCfg = Release|iPhone
		{49DA0BCE-F1F4-4D69-BBF1-3E322B20E40A}.Release|iPhone.ActiveCfg = Release|iPhone
		{49DA0BCE-F1F4-4D69-BBF1-3E322B20E40A}.Release|iPhone.Build.0 = Release|iPhone
		{49DA0BCE-F1F4-4D69-BBF1-3E322B20E40A}.Release|iPhoneSimulator.ActiveCfg = Release|iPhoneSimulator
		{49DA0BCE-F1F4-4D69-BBF1-3E322B20E40A}.Release|iPhoneSimulator.Build.0 = Release|iPhoneSimulator
		{49DA0BCE-F1F4-4D69-BBF1-3E322B20E40A}.Release|x64.ActiveCfg = Release|iPhone
		{49DA0BCE-F1F4-4D69-BBF1-3E322B20E40A}.Release|x86.ActiveCfg = Release|iPhone
		{515C0173-726C-4CA5-9C5E-00E4FFA4CE21}.Ad-Hoc|Any CPU.ActiveCfg = Release|Any CPU
		{515C0173-726C-4CA5-9C5E-00E4FFA4CE21}.Ad-Hoc|Any CPU.Build.0 = Release|Any CPU
		{515C0173-726C-4CA5-9C5E-00E4FFA4CE21}.Ad-Hoc|Any CPU.Deploy.0 = Release|Any CPU
		{515C0173-726C-4CA5-9C5E-00E4FFA4CE21}.Ad-Hoc|ARM.ActiveCfg = Release|ARM
		{515C0173-726C-4CA5-9C5E-00E4FFA4CE21}.Ad-Hoc|ARM.Build.0 = Release|ARM
		{515C0173-726C-4CA5-9C5E-00E4FFA4CE21}.Ad-Hoc|ARM.Deploy.0 = Release|ARM
		{515C0173-726C-4CA5-9C5E-00E4FFA4CE21}.Ad-Hoc|iPhone.ActiveCfg = Release|Any CPU
		{515C0173-726C-4CA5-9C5E-00E4FFA4CE21}.Ad-Hoc|iPhone.Build.0 = Release|Any CPU
		{515C0173-726C-4CA5-9C5E-00E4FFA4CE21}.Ad-Hoc|iPhone.Deploy.0 = Release|Any CPU
		{515C0173-726C-4CA5-9C5E-00E4FFA4CE21}.Ad-Hoc|iPhoneSimulator.ActiveCfg = Release|Any CPU
		{515C0173-726C-4CA5-9C5E-00E4FFA4CE21}.Ad-Hoc|iPhoneSimulator.Build.0 = Release|Any CPU
		{515C0173-726C-4CA5-9C5E-00E4FFA4CE21}.Ad-Hoc|iPhoneSimulator.Deploy.0 = Release|Any CPU
		{515C0173-726C-4CA5-9C5E-00E4FFA4CE21}.Ad-Hoc|x64.ActiveCfg = Release|Any CPU
		{515C0173-726C-4CA5-9C5E-00E4FFA4CE21}.Ad-Hoc|x64.Build.0 = Release|Any CPU
		{515C0173-726C-4CA5-9C5E-00E4FFA4CE21}.Ad-Hoc|x64.Deploy.0 = Release|Any CPU
		{515C0173-726C-4CA5-9C5E-00E4FFA4CE21}.Ad-Hoc|x86.ActiveCfg = Release|x86
		{515C0173-726C-4CA5-9C5E-00E4FFA4CE21}.Ad-Hoc|x86.Build.0 = Release|x86
		{515C0173-726C-4CA5-9C5E-00E4FFA4CE21}.Ad-Hoc|x86.Deploy.0 = Release|x86
		{515C0173-726C-4CA5-9C5E-00E4FFA4CE21}.AppStore|Any CPU.ActiveCfg = Release|Any CPU
		{515C0173-726C-4CA5-9C5E-00E4FFA4CE21}.AppStore|Any CPU.Build.0 = Release|Any CPU
		{515C0173-726C-4CA5-9C5E-00E4FFA4CE21}.AppStore|Any CPU.Deploy.0 = Release|Any CPU
		{515C0173-726C-4CA5-9C5E-00E4FFA4CE21}.AppStore|ARM.ActiveCfg = Release|ARM
		{515C0173-726C-4CA5-9C5E-00E4FFA4CE21}.AppStore|ARM.Build.0 = Release|ARM
		{515C0173-726C-4CA5-9C5E-00E4FFA4CE21}.AppStore|ARM.Deploy.0 = Release|ARM
		{515C0173-726C-4CA5-9C5E-00E4FFA4CE21}.AppStore|iPhone.ActiveCfg = Release|Any CPU
		{515C0173-726C-4CA5-9C5E-00E4FFA4CE21}.AppStore|iPhone.Build.0 = Release|Any CPU
		{515C0173-726C-4CA5-9C5E-00E4FFA4CE21}.AppStore|iPhone.Deploy.0 = Release|Any CPU
		{515C0173-726C-4CA5-9C5E-00E4FFA4CE21}.AppStore|iPhoneSimulator.ActiveCfg = Release|Any CPU
		{515C0173-726C-4CA5-9C5E-00E4FFA4CE21}.AppStore|iPhoneSimulator.Build.0 = Release|Any CPU
		{515C0173-726C-4CA5-9C5E-00E4FFA4CE21}.AppStore|iPhoneSimulator.Deploy.0 = Release|Any CPU
		{515C0173-726C-4CA5-9C5E-00E4FFA4CE21}.AppStore|x64.ActiveCfg = Release|Any CPU
		{515C0173-726C-4CA5-9C5E-00E4FFA4CE21}.AppStore|x64.Build.0 = Release|Any CPU
		{515C0173-726C-4CA5-9C5E-00E4FFA4CE21}.AppStore|x64.Deploy.0 = Release|Any CPU
		{515C0173-726C-4CA5-9C5E-00E4FFA4CE21}.AppStore|x86.ActiveCfg = Release|x86
		{515C0173-726C-4CA5-9C5E-00E4FFA4CE21}.AppStore|x86.Build.0 = Release|x86
		{515C0173-726C-4CA5-9C5E-00E4FFA4CE21}.AppStore|x86.Deploy.0 = Release|x86
		{515C0173-726C-4CA5-9C5E-00E4FFA4CE21}.Debug|Any CPU.ActiveCfg = Debug|Any CPU
		{515C0173-726C-4CA5-9C5E-00E4FFA4CE21}.Debug|Any CPU.Build.0 = Debug|Any CPU
		{515C0173-726C-4CA5-9C5E-00E4FFA4CE21}.Debug|Any CPU.Deploy.0 = Debug|Any CPU
		{515C0173-726C-4CA5-9C5E-00E4FFA4CE21}.Debug|ARM.ActiveCfg = Debug|ARM
		{515C0173-726C-4CA5-9C5E-00E4FFA4CE21}.Debug|ARM.Build.0 = Debug|ARM
		{515C0173-726C-4CA5-9C5E-00E4FFA4CE21}.Debug|ARM.Deploy.0 = Debug|ARM
		{515C0173-726C-4CA5-9C5E-00E4FFA4CE21}.Debug|iPhone.ActiveCfg = Debug|Any CPU
		{515C0173-726C-4CA5-9C5E-00E4FFA4CE21}.Debug|iPhone.Build.0 = Debug|Any CPU
		{515C0173-726C-4CA5-9C5E-00E4FFA4CE21}.Debug|iPhone.Deploy.0 = Debug|Any CPU
		{515C0173-726C-4CA5-9C5E-00E4FFA4CE21}.Debug|iPhoneSimulator.ActiveCfg = Debug|Any CPU
		{515C0173-726C-4CA5-9C5E-00E4FFA4CE21}.Debug|iPhoneSimulator.Build.0 = Debug|Any CPU
		{515C0173-726C-4CA5-9C5E-00E4FFA4CE21}.Debug|iPhoneSimulator.Deploy.0 = Debug|Any CPU
		{515C0173-726C-4CA5-9C5E-00E4FFA4CE21}.Debug|x64.ActiveCfg = Debug|Any CPU
		{515C0173-726C-4CA5-9C5E-00E4FFA4CE21}.Debug|x64.Build.0 = Debug|Any CPU
		{515C0173-726C-4CA5-9C5E-00E4FFA4CE21}.Debug|x64.Deploy.0 = Debug|Any CPU
		{515C0173-726C-4CA5-9C5E-00E4FFA4CE21}.Debug|x86.ActiveCfg = Debug|x86
		{515C0173-726C-4CA5-9C5E-00E4FFA4CE21}.Debug|x86.Build.0 = Debug|x86
		{515C0173-726C-4CA5-9C5E-00E4FFA4CE21}.Debug|x86.Deploy.0 = Debug|x86
		{515C0173-726C-4CA5-9C5E-00E4FFA4CE21}.Release|Any CPU.ActiveCfg = Release|Any CPU
		{515C0173-726C-4CA5-9C5E-00E4FFA4CE21}.Release|Any CPU.Build.0 = Release|Any CPU
		{515C0173-726C-4CA5-9C5E-00E4FFA4CE21}.Release|Any CPU.Deploy.0 = Release|Any CPU
		{515C0173-726C-4CA5-9C5E-00E4FFA4CE21}.Release|ARM.ActiveCfg = Release|ARM
		{515C0173-726C-4CA5-9C5E-00E4FFA4CE21}.Release|ARM.Build.0 = Release|ARM
		{515C0173-726C-4CA5-9C5E-00E4FFA4CE21}.Release|ARM.Deploy.0 = Release|ARM
		{515C0173-726C-4CA5-9C5E-00E4FFA4CE21}.Release|iPhone.ActiveCfg = Release|Any CPU
		{515C0173-726C-4CA5-9C5E-00E4FFA4CE21}.Release|iPhone.Build.0 = Release|Any CPU
		{515C0173-726C-4CA5-9C5E-00E4FFA4CE21}.Release|iPhone.Deploy.0 = Release|Any CPU
		{515C0173-726C-4CA5-9C5E-00E4FFA4CE21}.Release|iPhoneSimulator.ActiveCfg = Release|Any CPU
		{515C0173-726C-4CA5-9C5E-00E4FFA4CE21}.Release|iPhoneSimulator.Build.0 = Release|Any CPU
		{515C0173-726C-4CA5-9C5E-00E4FFA4CE21}.Release|iPhoneSimulator.Deploy.0 = Release|Any CPU
		{515C0173-726C-4CA5-9C5E-00E4FFA4CE21}.Release|x64.ActiveCfg = Release|Any CPU
		{515C0173-726C-4CA5-9C5E-00E4FFA4CE21}.Release|x64.Build.0 = Release|Any CPU
		{515C0173-726C-4CA5-9C5E-00E4FFA4CE21}.Release|x64.Deploy.0 = Release|Any CPU
		{515C0173-726C-4CA5-9C5E-00E4FFA4CE21}.Release|x86.ActiveCfg = Release|x86
		{515C0173-726C-4CA5-9C5E-00E4FFA4CE21}.Release|x86.Build.0 = Release|x86
		{515C0173-726C-4CA5-9C5E-00E4FFA4CE21}.Release|x86.Deploy.0 = Release|x86
		{DBF49F6F-A017-4496-8850-96B2A259FB78}.Ad-Hoc|Any CPU.ActiveCfg = Release|x86
		{DBF49F6F-A017-4496-8850-96B2A259FB78}.Ad-Hoc|Any CPU.Build.0 = Release|x86
		{DBF49F6F-A017-4496-8850-96B2A259FB78}.Ad-Hoc|Any CPU.Deploy.0 = Release|x86
		{DBF49F6F-A017-4496-8850-96B2A259FB78}.Ad-Hoc|ARM.ActiveCfg = Release|ARM
		{DBF49F6F-A017-4496-8850-96B2A259FB78}.Ad-Hoc|ARM.Build.0 = Release|ARM
		{DBF49F6F-A017-4496-8850-96B2A259FB78}.Ad-Hoc|ARM.Deploy.0 = Release|ARM
		{DBF49F6F-A017-4496-8850-96B2A259FB78}.Ad-Hoc|iPhone.ActiveCfg = Release|x86
		{DBF49F6F-A017-4496-8850-96B2A259FB78}.Ad-Hoc|iPhone.Build.0 = Release|x86
		{DBF49F6F-A017-4496-8850-96B2A259FB78}.Ad-Hoc|iPhone.Deploy.0 = Release|x86
		{DBF49F6F-A017-4496-8850-96B2A259FB78}.Ad-Hoc|iPhoneSimulator.ActiveCfg = Release|x86
		{DBF49F6F-A017-4496-8850-96B2A259FB78}.Ad-Hoc|iPhoneSimulator.Build.0 = Release|x86
		{DBF49F6F-A017-4496-8850-96B2A259FB78}.Ad-Hoc|iPhoneSimulator.Deploy.0 = Release|x86
		{DBF49F6F-A017-4496-8850-96B2A259FB78}.Ad-Hoc|x64.ActiveCfg = Release|x64
		{DBF49F6F-A017-4496-8850-96B2A259FB78}.Ad-Hoc|x64.Build.0 = Release|x64
		{DBF49F6F-A017-4496-8850-96B2A259FB78}.Ad-Hoc|x64.Deploy.0 = Release|x64
		{DBF49F6F-A017-4496-8850-96B2A259FB78}.Ad-Hoc|x86.ActiveCfg = Release|x86
		{DBF49F6F-A017-4496-8850-96B2A259FB78}.Ad-Hoc|x86.Build.0 = Release|x86
		{DBF49F6F-A017-4496-8850-96B2A259FB78}.Ad-Hoc|x86.Deploy.0 = Release|x86
		{DBF49F6F-A017-4496-8850-96B2A259FB78}.AppStore|Any CPU.ActiveCfg = Release|x86
		{DBF49F6F-A017-4496-8850-96B2A259FB78}.AppStore|Any CPU.Build.0 = Release|x86
		{DBF49F6F-A017-4496-8850-96B2A259FB78}.AppStore|Any CPU.Deploy.0 = Release|x86
		{DBF49F6F-A017-4496-8850-96B2A259FB78}.AppStore|ARM.ActiveCfg = Release|ARM
		{DBF49F6F-A017-4496-8850-96B2A259FB78}.AppStore|ARM.Build.0 = Release|ARM
		{DBF49F6F-A017-4496-8850-96B2A259FB78}.AppStore|ARM.Deploy.0 = Release|ARM
		{DBF49F6F-A017-4496-8850-96B2A259FB78}.AppStore|iPhone.ActiveCfg = Release|x86
		{DBF49F6F-A017-4496-8850-96B2A259FB78}.AppStore|iPhone.Build.0 = Release|x86
		{DBF49F6F-A017-4496-8850-96B2A259FB78}.AppStore|iPhone.Deploy.0 = Release|x86
		{DBF49F6F-A017-4496-8850-96B2A259FB78}.AppStore|iPhoneSimulator.ActiveCfg = Release|x86
		{DBF49F6F-A017-4496-8850-96B2A259FB78}.AppStore|iPhoneSimulator.Build.0 = Release|x86
		{DBF49F6F-A017-4496-8850-96B2A259FB78}.AppStore|iPhoneSimulator.Deploy.0 = Release|x86
		{DBF49F6F-A017-4496-8850-96B2A259FB78}.AppStore|x64.ActiveCfg = Release|x64
		{DBF49F6F-A017-4496-8850-96B2A259FB78}.AppStore|x64.Build.0 = Release|x64
		{DBF49F6F-A017-4496-8850-96B2A259FB78}.AppStore|x64.Deploy.0 = Release|x64
		{DBF49F6F-A017-4496-8850-96B2A259FB78}.AppStore|x86.ActiveCfg = Release|x86
		{DBF49F6F-A017-4496-8850-96B2A259FB78}.AppStore|x86.Build.0 = Release|x86
		{DBF49F6F-A017-4496-8850-96B2A259FB78}.AppStore|x86.Deploy.0 = Release|x86
		{DBF49F6F-A017-4496-8850-96B2A259FB78}.Debug|Any CPU.ActiveCfg = Debug|x86
		{DBF49F6F-A017-4496-8850-96B2A259FB78}.Debug|ARM.ActiveCfg = Debug|ARM
		{DBF49F6F-A017-4496-8850-96B2A259FB78}.Debug|ARM.Build.0 = Debug|ARM
		{DBF49F6F-A017-4496-8850-96B2A259FB78}.Debug|ARM.Deploy.0 = Debug|ARM
		{DBF49F6F-A017-4496-8850-96B2A259FB78}.Debug|iPhone.ActiveCfg = Debug|x86
		{DBF49F6F-A017-4496-8850-96B2A259FB78}.Debug|iPhoneSimulator.ActiveCfg = Debug|x86
		{DBF49F6F-A017-4496-8850-96B2A259FB78}.Debug|x64.ActiveCfg = Debug|x64
		{DBF49F6F-A017-4496-8850-96B2A259FB78}.Debug|x64.Build.0 = Debug|x64
		{DBF49F6F-A017-4496-8850-96B2A259FB78}.Debug|x64.Deploy.0 = Debug|x64
		{DBF49F6F-A017-4496-8850-96B2A259FB78}.Debug|x86.ActiveCfg = Debug|x86
		{DBF49F6F-A017-4496-8850-96B2A259FB78}.Debug|x86.Build.0 = Debug|x86
		{DBF49F6F-A017-4496-8850-96B2A259FB78}.Debug|x86.Deploy.0 = Debug|x86
		{DBF49F6F-A017-4496-8850-96B2A259FB78}.Release|Any CPU.ActiveCfg = Release|x86
		{DBF49F6F-A017-4496-8850-96B2A259FB78}.Release|ARM.ActiveCfg = Release|ARM
		{DBF49F6F-A017-4496-8850-96B2A259FB78}.Release|ARM.Build.0 = Release|ARM
		{DBF49F6F-A017-4496-8850-96B2A259FB78}.Release|ARM.Deploy.0 = Release|ARM
		{DBF49F6F-A017-4496-8850-96B2A259FB78}.Release|iPhone.ActiveCfg = Release|x86
		{DBF49F6F-A017-4496-8850-96B2A259FB78}.Release|iPhoneSimulator.ActiveCfg = Release|x86
		{DBF49F6F-A017-4496-8850-96B2A259FB78}.Release|x64.ActiveCfg = Release|x64
		{DBF49F6F-A017-4496-8850-96B2A259FB78}.Release|x64.Build.0 = Release|x64
		{DBF49F6F-A017-4496-8850-96B2A259FB78}.Release|x64.Deploy.0 = Release|x64
		{DBF49F6F-A017-4496-8850-96B2A259FB78}.Release|x86.ActiveCfg = Release|x86
		{DBF49F6F-A017-4496-8850-96B2A259FB78}.Release|x86.Build.0 = Release|x86
		{DBF49F6F-A017-4496-8850-96B2A259FB78}.Release|x86.Deploy.0 = Release|x86
		{81796F20-B004-460D-B432-F59B9D67F8EC}.Ad-Hoc|Any CPU.ActiveCfg = Release|Any CPU
		{81796F20-B004-460D-B432-F59B9D67F8EC}.Ad-Hoc|Any CPU.Build.0 = Release|Any CPU
		{81796F20-B004-460D-B432-F59B9D67F8EC}.Ad-Hoc|Any CPU.Deploy.0 = Release|Any CPU
		{81796F20-B004-460D-B432-F59B9D67F8EC}.Ad-Hoc|ARM.ActiveCfg = Release|ARM
		{81796F20-B004-460D-B432-F59B9D67F8EC}.Ad-Hoc|ARM.Build.0 = Release|ARM
		{81796F20-B004-460D-B432-F59B9D67F8EC}.Ad-Hoc|ARM.Deploy.0 = Release|ARM
		{81796F20-B004-460D-B432-F59B9D67F8EC}.Ad-Hoc|iPhone.ActiveCfg = Release|Any CPU
		{81796F20-B004-460D-B432-F59B9D67F8EC}.Ad-Hoc|iPhone.Build.0 = Release|Any CPU
		{81796F20-B004-460D-B432-F59B9D67F8EC}.Ad-Hoc|iPhone.Deploy.0 = Release|Any CPU
		{81796F20-B004-460D-B432-F59B9D67F8EC}.Ad-Hoc|iPhoneSimulator.ActiveCfg = Release|Any CPU
		{81796F20-B004-460D-B432-F59B9D67F8EC}.Ad-Hoc|iPhoneSimulator.Build.0 = Release|Any CPU
		{81796F20-B004-460D-B432-F59B9D67F8EC}.Ad-Hoc|iPhoneSimulator.Deploy.0 = Release|Any CPU
		{81796F20-B004-460D-B432-F59B9D67F8EC}.Ad-Hoc|x64.ActiveCfg = Release|x64
		{81796F20-B004-460D-B432-F59B9D67F8EC}.Ad-Hoc|x64.Build.0 = Release|x64
		{81796F20-B004-460D-B432-F59B9D67F8EC}.Ad-Hoc|x64.Deploy.0 = Release|x64
		{81796F20-B004-460D-B432-F59B9D67F8EC}.Ad-Hoc|x86.ActiveCfg = Release|x86
		{81796F20-B004-460D-B432-F59B9D67F8EC}.Ad-Hoc|x86.Build.0 = Release|x86
		{81796F20-B004-460D-B432-F59B9D67F8EC}.Ad-Hoc|x86.Deploy.0 = Release|x86
		{81796F20-B004-460D-B432-F59B9D67F8EC}.AppStore|Any CPU.ActiveCfg = Release|Any CPU
		{81796F20-B004-460D-B432-F59B9D67F8EC}.AppStore|Any CPU.Build.0 = Release|Any CPU
		{81796F20-B004-460D-B432-F59B9D67F8EC}.AppStore|Any CPU.Deploy.0 = Release|Any CPU
		{81796F20-B004-460D-B432-F59B9D67F8EC}.AppStore|ARM.ActiveCfg = Release|ARM
		{81796F20-B004-460D-B432-F59B9D67F8EC}.AppStore|ARM.Build.0 = Release|ARM
		{81796F20-B004-460D-B432-F59B9D67F8EC}.AppStore|ARM.Deploy.0 = Release|ARM
		{81796F20-B004-460D-B432-F59B9D67F8EC}.AppStore|iPhone.ActiveCfg = Release|Any CPU
		{81796F20-B004-460D-B432-F59B9D67F8EC}.AppStore|iPhone.Build.0 = Release|Any CPU
		{81796F20-B004-460D-B432-F59B9D67F8EC}.AppStore|iPhone.Deploy.0 = Release|Any CPU
		{81796F20-B004-460D-B432-F59B9D67F8EC}.AppStore|iPhoneSimulator.ActiveCfg = Release|Any CPU
		{81796F20-B004-460D-B432-F59B9D67F8EC}.AppStore|iPhoneSimulator.Build.0 = Release|Any CPU
		{81796F20-B004-460D-B432-F59B9D67F8EC}.AppStore|iPhoneSimulator.Deploy.0 = Release|Any CPU
		{81796F20-B004-460D-B432-F59B9D67F8EC}.AppStore|x64.ActiveCfg = Release|x64
		{81796F20-B004-460D-B432-F59B9D67F8EC}.AppStore|x64.Build.0 = Release|x64
		{81796F20-B004-460D-B432-F59B9D67F8EC}.AppStore|x64.Deploy.0 = Release|x64
		{81796F20-B004-460D-B432-F59B9D67F8EC}.AppStore|x86.ActiveCfg = Release|x86
		{81796F20-B004-460D-B432-F59B9D67F8EC}.AppStore|x86.Build.0 = Release|x86
		{81796F20-B004-460D-B432-F59B9D67F8EC}.AppStore|x86.Deploy.0 = Release|x86
		{81796F20-B004-460D-B432-F59B9D67F8EC}.Debug|Any CPU.ActiveCfg = Debug|Any CPU
		{81796F20-B004-460D-B432-F59B9D67F8EC}.Debug|Any CPU.Build.0 = Debug|Any CPU
		{81796F20-B004-460D-B432-F59B9D67F8EC}.Debug|Any CPU.Deploy.0 = Debug|Any CPU
		{81796F20-B004-460D-B432-F59B9D67F8EC}.Debug|ARM.ActiveCfg = Debug|ARM
		{81796F20-B004-460D-B432-F59B9D67F8EC}.Debug|ARM.Build.0 = Debug|ARM
		{81796F20-B004-460D-B432-F59B9D67F8EC}.Debug|ARM.Deploy.0 = Debug|ARM
		{81796F20-B004-460D-B432-F59B9D67F8EC}.Debug|iPhone.ActiveCfg = Debug|Any CPU
		{81796F20-B004-460D-B432-F59B9D67F8EC}.Debug|iPhone.Build.0 = Debug|Any CPU
		{81796F20-B004-460D-B432-F59B9D67F8EC}.Debug|iPhone.Deploy.0 = Debug|Any CPU
		{81796F20-B004-460D-B432-F59B9D67F8EC}.Debug|iPhoneSimulator.ActiveCfg = Debug|Any CPU
		{81796F20-B004-460D-B432-F59B9D67F8EC}.Debug|iPhoneSimulator.Build.0 = Debug|Any CPU
		{81796F20-B004-460D-B432-F59B9D67F8EC}.Debug|iPhoneSimulator.Deploy.0 = Debug|Any CPU
		{81796F20-B004-460D-B432-F59B9D67F8EC}.Debug|x64.ActiveCfg = Debug|x64
		{81796F20-B004-460D-B432-F59B9D67F8EC}.Debug|x64.Build.0 = Debug|x64
		{81796F20-B004-460D-B432-F59B9D67F8EC}.Debug|x64.Deploy.0 = Debug|x64
		{81796F20-B004-460D-B432-F59B9D67F8EC}.Debug|x86.ActiveCfg = Debug|x86
		{81796F20-B004-460D-B432-F59B9D67F8EC}.Debug|x86.Build.0 = Debug|x86
		{81796F20-B004-460D-B432-F59B9D67F8EC}.Debug|x86.Deploy.0 = Debug|x86
		{81796F20-B004-460D-B432-F59B9D67F8EC}.Release|Any CPU.ActiveCfg = Release|Any CPU
		{81796F20-B004-460D-B432-F59B9D67F8EC}.Release|Any CPU.Build.0 = Release|Any CPU
		{81796F20-B004-460D-B432-F59B9D67F8EC}.Release|Any CPU.Deploy.0 = Release|Any CPU
		{81796F20-B004-460D-B432-F59B9D67F8EC}.Release|ARM.ActiveCfg = Release|ARM
		{81796F20-B004-460D-B432-F59B9D67F8EC}.Release|ARM.Build.0 = Release|ARM
		{81796F20-B004-460D-B432-F59B9D67F8EC}.Release|ARM.Deploy.0 = Release|ARM
		{81796F20-B004-460D-B432-F59B9D67F8EC}.Release|iPhone.ActiveCfg = Release|Any CPU
		{81796F20-B004-460D-B432-F59B9D67F8EC}.Release|iPhone.Build.0 = Release|Any CPU
		{81796F20-B004-460D-B432-F59B9D67F8EC}.Release|iPhone.Deploy.0 = Release|Any CPU
		{81796F20-B004-460D-B432-F59B9D67F8EC}.Release|iPhoneSimulator.ActiveCfg = Release|Any CPU
		{81796F20-B004-460D-B432-F59B9D67F8EC}.Release|iPhoneSimulator.Build.0 = Release|Any CPU
		{81796F20-B004-460D-B432-F59B9D67F8EC}.Release|iPhoneSimulator.Deploy.0 = Release|Any CPU
		{81796F20-B004-460D-B432-F59B9D67F8EC}.Release|x64.ActiveCfg = Release|x64
		{81796F20-B004-460D-B432-F59B9D67F8EC}.Release|x64.Build.0 = Release|x64
		{81796F20-B004-460D-B432-F59B9D67F8EC}.Release|x64.Deploy.0 = Release|x64
		{81796F20-B004-460D-B432-F59B9D67F8EC}.Release|x86.ActiveCfg = Release|x86
		{81796F20-B004-460D-B432-F59B9D67F8EC}.Release|x86.Build.0 = Release|x86
		{81796F20-B004-460D-B432-F59B9D67F8EC}.Release|x86.Deploy.0 = Release|x86
	EndGlobalSection
	GlobalSection(SolutionProperties) = preSolution
		HideSolutionNode = FALSE
	EndGlobalSection
EndGlobal
